
Microsoft Visual Studio Solution File, Format Version 12.00
# Visual Studio Version 17
VisualStudioVersion = 17.13.35919.96 d17.13
MinimumVisualStudioVersion = 10.0.40219.1
Project("{FAE04EC0-301F-11D3-BF4B-00C04F79EFBC}") = "shape", "shape.csproj", "{973C33CB-C00A-4C57-AD35-7A44423F153D}"
EndProject
Global
	GlobalSection(SolutionConfigurationPlatforms) = preSolution
		Debug|Any CPU = Debug|Any CPU
		Release|Any CPU = Release|Any CPU
	EndGlobalSection
	GlobalSection(ProjectConfigurationPlatforms) = postSolution
		{973C33CB-C00A-4C57-AD35-7A44423F153D}.Debug|Any CPU.ActiveCfg = Debug|Any CPU
		{973C33CB-C00A-4C57-AD35-7A44423F153D}.Debug|Any CPU.Build.0 = Debug|Any CPU
		{973C33CB-C00A-4C57-AD35-7A44423F153D}.Release|Any CPU.ActiveCfg = Release|Any CPU
		{973C33CB-C00A-4C57-AD35-7A44423F153D}.Release|Any CPU.Build.0 = Release|Any CPU
	EndGlobalSection
	GlobalSection(SolutionProperties) = preSolution
		HideSolutionNode = FALSE
	EndGlobalSection
	GlobalSection(ExtensibilityGlobals) = postSolution
		SolutionGuid = {5AAF9488-D7A4-4E6A-8880-A3AD27A30F15}
	EndGlobalSection
EndGlobal
